// !$*UTF8*$!
{
	archiveVersion = 1;
	classes = {
	};
	objectVersion = 56;
	objects = {

/* Begin PBXBuildFile section */
		550CEA572C79E56200F4D4FC /* DetailViewController.swift in Sources */ = {isa = PBXBuildFile; fileRef = 550CEA562C79E56200F4D4FC /* DetailViewController.swift */; };
		550CEA592C79E5C300F4D4FC /* DetailInteractor.swift in Sources */ = {isa = PBXBuildFile; fileRef = 550CEA582C79E5C300F4D4FC /* DetailInteractor.swift */; };
		550CEA5B2C79E5E200F4D4FC /* DetailPresenter.swift in Sources */ = {isa = PBXBuildFile; fileRef = 550CEA5A2C79E5E200F4D4FC /* DetailPresenter.swift */; };
		550CEA5D2C79E62300F4D4FC /* DetailRouter.swift in Sources */ = {isa = PBXBuildFile; fileRef = 550CEA5C2C79E62300F4D4FC /* DetailRouter.swift */; };
		550CEA5F2C79E64D00F4D4FC /* DetailModuleBuilder.swift in Sources */ = {isa = PBXBuildFile; fileRef = 550CEA5E2C79E64D00F4D4FC /* DetailModuleBuilder.swift */; };
		550CEA622C79E9DD00F4D4FC /* TaskEntity.swift in Sources */ = {isa = PBXBuildFile; fileRef = 550CEA612C79E9DD00F4D4FC /* TaskEntity.swift */; };
		550CEA662C79F24B00F4D4FC /* CustomTextField.swift in Sources */ = {isa = PBXBuildFile; fileRef = 550CEA652C79F24B00F4D4FC /* CustomTextField.swift */; };
		550CEA682C79F8B800F4D4FC /* CustomButton.swift in Sources */ = {isa = PBXBuildFile; fileRef = 550CEA672C79F8B800F4D4FC /* CustomButton.swift */; };
		550CEA6A2C7A069B00F4D4FC /* MainTableViewCell.swift in Sources */ = {isa = PBXBuildFile; fileRef = 550CEA692C7A069B00F4D4FC /* MainTableViewCell.swift */; };
		558158E92C78DFB300536FD0 /* AppDelegate.swift in Sources */ = {isa = PBXBuildFile; fileRef = 558158E82C78DFB300536FD0 /* AppDelegate.swift */; };
		558158EB2C78DFB300536FD0 /* SceneDelegate.swift in Sources */ = {isa = PBXBuildFile; fileRef = 558158EA2C78DFB300536FD0 /* SceneDelegate.swift */; };
		558158ED2C78DFB300536FD0 /* MainViewController.swift in Sources */ = {isa = PBXBuildFile; fileRef = 558158EC2C78DFB300536FD0 /* MainViewController.swift */; };
		558158F32C78DFB300536FD0 /* ToDoCoreData.xcdatamodeld in Sources */ = {isa = PBXBuildFile; fileRef = 558158F12C78DFB300536FD0 /* ToDoCoreData.xcdatamodeld */; };
		558158F52C78DFB400536FD0 /* Assets.xcassets in Resources */ = {isa = PBXBuildFile; fileRef = 558158F42C78DFB400536FD0 /* Assets.xcassets */; };
		558158F82C78DFB400536FD0 /* Base in Resources */ = {isa = PBXBuildFile; fileRef = 558158F72C78DFB400536FD0 /* Base */; };
		558159102C78E3B400536FD0 /* NetworkService.swift in Sources */ = {isa = PBXBuildFile; fileRef = 5581590F2C78E3B400536FD0 /* NetworkService.swift */; };
		558159122C78E44500536FD0 /* MainPresenter.swift in Sources */ = {isa = PBXBuildFile; fileRef = 558159112C78E44500536FD0 /* MainPresenter.swift */; };
		558159142C78E4E400536FD0 /* MainRouter.swift in Sources */ = {isa = PBXBuildFile; fileRef = 558159132C78E4E400536FD0 /* MainRouter.swift */; };
		558159162C78E51F00536FD0 /* MainInteractor.swift in Sources */ = {isa = PBXBuildFile; fileRef = 558159152C78E51F00536FD0 /* MainInteractor.swift */; };
		558159182C78E56C00536FD0 /* MainModuleBuilder.swift in Sources */ = {isa = PBXBuildFile; fileRef = 558159172C78E56C00536FD0 /* MainModuleBuilder.swift */; };
		5581591B2C78E85C00536FD0 /* Constants.swift in Sources */ = {isa = PBXBuildFile; fileRef = 5581591A2C78E85C00536FD0 /* Constants.swift */; };
		5581591D2C78EDD700536FD0 /* DummyEntity.swift in Sources */ = {isa = PBXBuildFile; fileRef = 5581591C2C78EDD700536FD0 /* DummyEntity.swift */; };
		558159202C78F9A600536FD0 /* StorageService.swift in Sources */ = {isa = PBXBuildFile; fileRef = 5581591F2C78F9A600536FD0 /* StorageService.swift */; };
		558159222C78F9FB00536FD0 /* CoreDataStack.swift in Sources */ = {isa = PBXBuildFile; fileRef = 558159212C78F9FB00536FD0 /* CoreDataStack.swift */; };
		558159282C78FA5F00536FD0 /* TaskObject.swift in Sources */ = {isa = PBXBuildFile; fileRef = 558159272C78FA5F00536FD0 /* TaskObject.swift */; };
		55C6C9762C7C6327003062D5 /* DetailSection.swift in Sources */ = {isa = PBXBuildFile; fileRef = 55C6C9752C7C6327003062D5 /* DetailSection.swift */; };
		55C6C9782C7C63DE003062D5 /* DetailCell.swift in Sources */ = {isa = PBXBuildFile; fileRef = 55C6C9772C7C63DE003062D5 /* DetailCell.swift */; };
		55CDBA412C7B423F00D8F144 /* MainSections.swift in Sources */ = {isa = PBXBuildFile; fileRef = 55CDBA402C7B423F00D8F144 /* MainSections.swift */; };
/* End PBXBuildFile section */

/* Begin PBXFileReference section */
		550CEA562C79E56200F4D4FC /* DetailViewController.swift */ = {isa = PBXFileReference; lastKnownFileType = sourcecode.swift; path = DetailViewController.swift; sourceTree = "<group>"; };
		550CEA582C79E5C300F4D4FC /* DetailInteractor.swift */ = {isa = PBXFileReference; lastKnownFileType = sourcecode.swift; path = DetailInteractor.swift; sourceTree = "<group>"; };
		550CEA5A2C79E5E200F4D4FC /* DetailPresenter.swift */ = {isa = PBXFileReference; lastKnownFileType = sourcecode.swift; path = DetailPresenter.swift; sourceTree = "<group>"; };
		550CEA5C2C79E62300F4D4FC /* DetailRouter.swift */ = {isa = PBXFileReference; lastKnownFileType = sourcecode.swift; path = DetailRouter.swift; sourceTree = "<group>"; };
		550CEA5E2C79E64D00F4D4FC /* DetailModuleBuilder.swift */ = {isa = PBXFileReference; lastKnownFileType = sourcecode.swift; path = DetailModuleBuilder.swift; sourceTree = "<group>"; };
		550CEA612C79E9DD00F4D4FC /* TaskEntity.swift */ = {isa = PBXFileReference; lastKnownFileType = sourcecode.swift; path = TaskEntity.swift; sourceTree = "<group>"; };
		550CEA652C79F24B00F4D4FC /* CustomTextField.swift */ = {isa = PBXFileReference; lastKnownFileType = sourcecode.swift; path = CustomTextField.swift; sourceTree = "<group>"; };
		550CEA672C79F8B800F4D4FC /* CustomButton.swift */ = {isa = PBXFileReference; lastKnownFileType = sourcecode.swift; path = CustomButton.swift; sourceTree = "<group>"; };
		550CEA692C7A069B00F4D4FC /* MainTableViewCell.swift */ = {isa = PBXFileReference; lastKnownFileType = sourcecode.swift; path = MainTableViewCell.swift; sourceTree = "<group>"; };
		558158E52C78DFB300536FD0 /* ToDoApp.app */ = {isa = PBXFileReference; explicitFileType = wrapper.application; includeInIndex = 0; path = ToDoApp.app; sourceTree = BUILT_PRODUCTS_DIR; };
		558158E82C78DFB300536FD0 /* AppDelegate.swift */ = {isa = PBXFileReference; lastKnownFileType = sourcecode.swift; path = AppDelegate.swift; sourceTree = "<group>"; };
		558158EA2C78DFB300536FD0 /* SceneDelegate.swift */ = {isa = PBXFileReference; lastKnownFileType = sourcecode.swift; path = SceneDelegate.swift; sourceTree = "<group>"; };
		558158EC2C78DFB300536FD0 /* MainViewController.swift */ = {isa = PBXFileReference; lastKnownFileType = sourcecode.swift; path = MainViewController.swift; sourceTree = "<group>"; };
		558158F22C78DFB300536FD0 /* To_Do_App_VIPER.xcdatamodel */ = {isa = PBXFileReference; lastKnownFileType = wrapper.xcdatamodel; path = To_Do_App_VIPER.xcdatamodel; sourceTree = "<group>"; };
		558158F42C78DFB400536FD0 /* Assets.xcassets */ = {isa = PBXFileReference; lastKnownFileType = folder.assetcatalog; path = Assets.xcassets; sourceTree = "<group>"; };
		558158F72C78DFB400536FD0 /* Base */ = {isa = PBXFileReference; lastKnownFileType = file.storyboard; name = Base; path = Base.lproj/LaunchScreen.storyboard; sourceTree = "<group>"; };
		558158F92C78DFB400536FD0 /* Info.plist */ = {isa = PBXFileReference; lastKnownFileType = text.plist.xml; path = Info.plist; sourceTree = "<group>"; };
		5581590F2C78E3B400536FD0 /* NetworkService.swift */ = {isa = PBXFileReference; lastKnownFileType = sourcecode.swift; path = NetworkService.swift; sourceTree = "<group>"; };
		558159112C78E44500536FD0 /* MainPresenter.swift */ = {isa = PBXFileReference; lastKnownFileType = sourcecode.swift; path = MainPresenter.swift; sourceTree = "<group>"; };
		558159132C78E4E400536FD0 /* MainRouter.swift */ = {isa = PBXFileReference; lastKnownFileType = sourcecode.swift; path = MainRouter.swift; sourceTree = "<group>"; };
		558159152C78E51F00536FD0 /* MainInteractor.swift */ = {isa = PBXFileReference; lastKnownFileType = sourcecode.swift; path = MainInteractor.swift; sourceTree = "<group>"; };
		558159172C78E56C00536FD0 /* MainModuleBuilder.swift */ = {isa = PBXFileReference; lastKnownFileType = sourcecode.swift; path = MainModuleBuilder.swift; sourceTree = "<group>"; };
		5581591A2C78E85C00536FD0 /* Constants.swift */ = {isa = PBXFileReference; lastKnownFileType = sourcecode.swift; path = Constants.swift; sourceTree = "<group>"; };
		5581591C2C78EDD700536FD0 /* DummyEntity.swift */ = {isa = PBXFileReference; lastKnownFileType = sourcecode.swift; path = DummyEntity.swift; sourceTree = "<group>"; };
		5581591F2C78F9A600536FD0 /* StorageService.swift */ = {isa = PBXFileReference; lastKnownFileType = sourcecode.swift; path = StorageService.swift; sourceTree = "<group>"; };
		558159212C78F9FB00536FD0 /* CoreDataStack.swift */ = {isa = PBXFileReference; lastKnownFileType = sourcecode.swift; path = CoreDataStack.swift; sourceTree = "<group>"; };
		558159272C78FA5F00536FD0 /* TaskObject.swift */ = {isa = PBXFileReference; lastKnownFileType = sourcecode.swift; path = TaskObject.swift; sourceTree = "<group>"; };
		55C6C9752C7C6327003062D5 /* DetailSection.swift */ = {isa = PBXFileReference; lastKnownFileType = sourcecode.swift; path = DetailSection.swift; sourceTree = "<group>"; };
		55C6C9772C7C63DE003062D5 /* DetailCell.swift */ = {isa = PBXFileReference; lastKnownFileType = sourcecode.swift; path = DetailCell.swift; sourceTree = "<group>"; };
		55CDBA402C7B423F00D8F144 /* MainSections.swift */ = {isa = PBXFileReference; lastKnownFileType = sourcecode.swift; path = MainSections.swift; sourceTree = "<group>"; };
/* End PBXFileReference section */

/* Begin PBXFrameworksBuildPhase section */
		558158E22C78DFB300536FD0 /* Frameworks */ = {
			isa = PBXFrameworksBuildPhase;
			buildActionMask = 2147483647;
			files = (
			);
			runOnlyForDeploymentPostprocessing = 0;
		};
/* End PBXFrameworksBuildPhase section */

/* Begin PBXGroup section */
		550CEA602C79E70700F4D4FC /* Model */ = {
			isa = PBXGroup;
			children = (
				5581591C2C78EDD700536FD0 /* DummyEntity.swift */,
				550CEA612C79E9DD00F4D4FC /* TaskEntity.swift */,
			);
			path = Model;
			sourceTree = "<group>";
		};
		550CEA632C79F22E00F4D4FC /* Library */ = {
			isa = PBXGroup;
			children = (
				550CEA642C79F23B00F4D4FC /* UIElements */,
			);
			path = Library;
			sourceTree = "<group>";
		};
		550CEA642C79F23B00F4D4FC /* UIElements */ = {
			isa = PBXGroup;
			children = (
				550CEA652C79F24B00F4D4FC /* CustomTextField.swift */,
				550CEA672C79F8B800F4D4FC /* CustomButton.swift */,
			);
			path = UIElements;
			sourceTree = "<group>";
		};
		558158DC2C78DFB300536FD0 = {
			isa = PBXGroup;
			children = (
				558158E72C78DFB300536FD0 /* iOS App */,
				558158E62C78DFB300536FD0 /* Products */,
			);
			sourceTree = "<group>";
		};
		558158E62C78DFB300536FD0 /* Products */ = {
			isa = PBXGroup;
			children = (
				558158E52C78DFB300536FD0 /* ToDoApp.app */,
			);
			name = Products;
			sourceTree = "<group>";
		};
		558158E72C78DFB300536FD0 /* iOS App */ = {
			isa = PBXGroup;
			children = (
				558158FF2C78E00400536FD0 /* App */,
				550CEA602C79E70700F4D4FC /* Model */,
				558159012C78E1DB00536FD0 /* Module */,
				558159022C78E20A00536FD0 /* Service */,
				550CEA632C79F22E00F4D4FC /* Library */,
				558159192C78E85200536FD0 /* Data */,
				558159002C78E1A100536FD0 /* Resources */,
			);
			path = "iOS App";
			sourceTree = "<group>";
		};
		558158FF2C78E00400536FD0 /* App */ = {
			isa = PBXGroup;
			children = (
				558158E82C78DFB300536FD0 /* AppDelegate.swift */,
				558158EA2C78DFB300536FD0 /* SceneDelegate.swift */,
			);
			path = App;
			sourceTree = "<group>";
		};
		558159002C78E1A100536FD0 /* Resources */ = {
			isa = PBXGroup;
			children = (
				558158F42C78DFB400536FD0 /* Assets.xcassets */,
				558158F62C78DFB400536FD0 /* LaunchScreen.storyboard */,
				558158F92C78DFB400536FD0 /* Info.plist */,
			);
			path = Resources;
			sourceTree = "<group>";
		};
		558159012C78E1DB00536FD0 /* Module */ = {
			isa = PBXGroup;
			children = (
				55CDBA4D2C7B6E0E00D8F144 /* ModuleBuilder */,
				558159032C78E2FA00536FD0 /* Main */,
				558159042C78E2FE00536FD0 /* Detail */,
			);
			path = Module;
			sourceTree = "<group>";
		};
		558159022C78E20A00536FD0 /* Service */ = {
			isa = PBXGroup;
			children = (
				5581591E2C78F99B00536FD0 /* Storage */,
				5581590F2C78E3B400536FD0 /* NetworkService.swift */,
			);
			path = Service;
			sourceTree = "<group>";
		};
		558159032C78E2FA00536FD0 /* Main */ = {
			isa = PBXGroup;
			children = (
				55CDBA422C7B57AB00D8F144 /* View */,
				55CDBA442C7B57BC00D8F144 /* Iteractor */,
				55CDBA452C7B57CC00D8F144 /* Presenter */,
				55CDBA462C7B57D600D8F144 /* Entity */,
				55CDBA472C7B57E000D8F144 /* Router */,
			);
			path = Main;
			sourceTree = "<group>";
		};
		558159042C78E2FE00536FD0 /* Detail */ = {
			isa = PBXGroup;
			children = (
				55CDBA482C7B5AE600D8F144 /* View */,
				55CDBA4A2C7B5E2A00D8F144 /* Interactor */,
				55C6C9742C7C631A003062D5 /* Entity */,
				55CDBA4B2C7B5E4700D8F144 /* Presenter */,
				55CDBA4C2C7B5E5100D8F144 /* Router */,
			);
			path = Detail;
			sourceTree = "<group>";
		};
		558159192C78E85200536FD0 /* Data */ = {
			isa = PBXGroup;
			children = (
				5581591A2C78E85C00536FD0 /* Constants.swift */,
			);
			path = Data;
			sourceTree = "<group>";
		};
		5581591E2C78F99B00536FD0 /* Storage */ = {
			isa = PBXGroup;
			children = (
				558158F12C78DFB300536FD0 /* ToDoCoreData.xcdatamodeld */,
				558159212C78F9FB00536FD0 /* CoreDataStack.swift */,
				5581591F2C78F9A600536FD0 /* StorageService.swift */,
				558159272C78FA5F00536FD0 /* TaskObject.swift */,
			);
			path = Storage;
			sourceTree = "<group>";
		};
		55C6C9742C7C631A003062D5 /* Entity */ = {
			isa = PBXGroup;
			children = (
				55C6C9752C7C6327003062D5 /* DetailSection.swift */,
			);
			path = Entity;
			sourceTree = "<group>";
		};
		55CDBA422C7B57AB00D8F144 /* View */ = {
			isa = PBXGroup;
			children = (
				55CDBA432C7B57B200D8F144 /* Cell */,
				558158EC2C78DFB300536FD0 /* MainViewController.swift */,
			);
			path = View;
			sourceTree = "<group>";
		};
		55CDBA432C7B57B200D8F144 /* Cell */ = {
			isa = PBXGroup;
			children = (
				550CEA692C7A069B00F4D4FC /* MainTableViewCell.swift */,
			);
			path = Cell;
			sourceTree = "<group>";
		};
		55CDBA442C7B57BC00D8F144 /* Iteractor */ = {
			isa = PBXGroup;
			children = (
				558159152C78E51F00536FD0 /* MainInteractor.swift */,
			);
			path = Iteractor;
			sourceTree = "<group>";
		};
		55CDBA452C7B57CC00D8F144 /* Presenter */ = {
			isa = PBXGroup;
			children = (
				558159112C78E44500536FD0 /* MainPresenter.swift */,
			);
			path = Presenter;
			sourceTree = "<group>";
		};
		55CDBA462C7B57D600D8F144 /* Entity */ = {
			isa = PBXGroup;
			children = (
				55CDBA402C7B423F00D8F144 /* MainSections.swift */,
			);
			path = Entity;
			sourceTree = "<group>";
		};
		55CDBA472C7B57E000D8F144 /* Router */ = {
			isa = PBXGroup;
			children = (
				558159132C78E4E400536FD0 /* MainRouter.swift */,
			);
			path = Router;
			sourceTree = "<group>";
		};
		55CDBA482C7B5AE600D8F144 /* View */ = {
			isa = PBXGroup;
			children = (
				55C6C9772C7C63DE003062D5 /* DetailCell.swift */,
				550CEA562C79E56200F4D4FC /* DetailViewController.swift */,
			);
			path = View;
			sourceTree = "<group>";
		};
		55CDBA4A2C7B5E2A00D8F144 /* Interactor */ = {
			isa = PBXGroup;
			children = (
				550CEA582C79E5C300F4D4FC /* DetailInteractor.swift */,
			);
			path = Interactor;
			sourceTree = "<group>";
		};
		55CDBA4B2C7B5E4700D8F144 /* Presenter */ = {
			isa = PBXGroup;
			children = (
				550CEA5A2C79E5E200F4D4FC /* DetailPresenter.swift */,
			);
			path = Presenter;
			sourceTree = "<group>";
		};
		55CDBA4C2C7B5E5100D8F144 /* Router */ = {
			isa = PBXGroup;
			children = (
				550CEA5C2C79E62300F4D4FC /* DetailRouter.swift */,
			);
			path = Router;
			sourceTree = "<group>";
		};
		55CDBA4D2C7B6E0E00D8F144 /* ModuleBuilder */ = {
			isa = PBXGroup;
			children = (
				550CEA5E2C79E64D00F4D4FC /* DetailModuleBuilder.swift */,
				558159172C78E56C00536FD0 /* MainModuleBuilder.swift */,
			);
			path = ModuleBuilder;
			sourceTree = "<group>";
		};
/* End PBXGroup section */

/* Begin PBXNativeTarget section */
		558158E42C78DFB300536FD0 /* ToDoApp */ = {
			isa = PBXNativeTarget;
			buildConfigurationList = 558158FC2C78DFB400536FD0 /* Build configuration list for PBXNativeTarget "ToDoApp" */;
			buildPhases = (
				558158E12C78DFB300536FD0 /* Sources */,
				558158E22C78DFB300536FD0 /* Frameworks */,
				558158E32C78DFB300536FD0 /* Resources */,
			);
			buildRules = (
			);
			dependencies = (
			);
			name = ToDoApp;
			productName = "To-Do-App-VIPER";
			productReference = 558158E52C78DFB300536FD0 /* ToDoApp.app */;
			productType = "com.apple.product-type.application";
		};
/* End PBXNativeTarget section */

/* Begin PBXProject section */
		558158DD2C78DFB300536FD0 /* Project object */ = {
			isa = PBXProject;
			attributes = {
				BuildIndependentTargetsInParallel = 1;
				LastSwiftUpdateCheck = 1540;
				LastUpgradeCheck = 1540;
				TargetAttributes = {
					558158E42C78DFB300536FD0 = {
						CreatedOnToolsVersion = 15.4;
					};
				};
			};
			buildConfigurationList = 558158E02C78DFB300536FD0 /* Build configuration list for PBXProject "ToDoApp" */;
			compatibilityVersion = "Xcode 14.0";
			developmentRegion = en;
			hasScannedForEncodings = 0;
			knownRegions = (
				en,
				Base,
			);
			mainGroup = 558158DC2C78DFB300536FD0;
			productRefGroup = 558158E62C78DFB300536FD0 /* Products */;
			projectDirPath = "";
			projectRoot = "";
			targets = (
				558158E42C78DFB300536FD0 /* ToDoApp */,
			);
		};
/* End PBXProject section */

/* Begin PBXResourcesBuildPhase section */
		558158E32C78DFB300536FD0 /* Resources */ = {
			isa = PBXResourcesBuildPhase;
			buildActionMask = 2147483647;
			files = (
				558158F52C78DFB400536FD0 /* Assets.xcassets in Resources */,
				558158F82C78DFB400536FD0 /* Base in Resources */,
			);
			runOnlyForDeploymentPostprocessing = 0;
		};
/* End PBXResourcesBuildPhase section */

/* Begin PBXSourcesBuildPhase section */
		558158E12C78DFB300536FD0 /* Sources */ = {
			isa = PBXSourcesBuildPhase;
			buildActionMask = 2147483647;
			files = (
				558159102C78E3B400536FD0 /* NetworkService.swift in Sources */,
				55C6C9762C7C6327003062D5 /* DetailSection.swift in Sources */,
				55C6C9782C7C63DE003062D5 /* DetailCell.swift in Sources */,
				558159142C78E4E400536FD0 /* MainRouter.swift in Sources */,
				55CDBA412C7B423F00D8F144 /* MainSections.swift in Sources */,
				558158ED2C78DFB300536FD0 /* MainViewController.swift in Sources */,
				558159202C78F9A600536FD0 /* StorageService.swift in Sources */,
				558159122C78E44500536FD0 /* MainPresenter.swift in Sources */,
				558158E92C78DFB300536FD0 /* AppDelegate.swift in Sources */,
				558159222C78F9FB00536FD0 /* CoreDataStack.swift in Sources */,
				550CEA6A2C7A069B00F4D4FC /* MainTableViewCell.swift in Sources */,
				558159282C78FA5F00536FD0 /* TaskObject.swift in Sources */,
				550CEA5F2C79E64D00F4D4FC /* DetailModuleBuilder.swift in Sources */,
				5581591B2C78E85C00536FD0 /* Constants.swift in Sources */,
				558158F32C78DFB300536FD0 /* ToDoCoreData.xcdatamodeld in Sources */,
				558158EB2C78DFB300536FD0 /* SceneDelegate.swift in Sources */,
				5581591D2C78EDD700536FD0 /* DummyEntity.swift in Sources */,
				550CEA622C79E9DD00F4D4FC /* TaskEntity.swift in Sources */,
				550CEA662C79F24B00F4D4FC /* CustomTextField.swift in Sources */,
				550CEA572C79E56200F4D4FC /* DetailViewController.swift in Sources */,
				558159182C78E56C00536FD0 /* MainModuleBuilder.swift in Sources */,
				558159162C78E51F00536FD0 /* MainInteractor.swift in Sources */,
				550CEA682C79F8B800F4D4FC /* CustomButton.swift in Sources */,
				550CEA5D2C79E62300F4D4FC /* DetailRouter.swift in Sources */,
				550CEA592C79E5C300F4D4FC /* DetailInteractor.swift in Sources */,
				550CEA5B2C79E5E200F4D4FC /* DetailPresenter.swift in Sources */,
			);
			runOnlyForDeploymentPostprocessing = 0;
		};
/* End PBXSourcesBuildPhase section */

/* Begin PBXVariantGroup section */
		558158F62C78DFB400536FD0 /* LaunchScreen.storyboard */ = {
			isa = PBXVariantGroup;
			children = (
				558158F72C78DFB400536FD0 /* Base */,
			);
			name = LaunchScreen.storyboard;
			sourceTree = "<group>";
		};
/* End PBXVariantGroup section */

/* Begin XCBuildConfiguration section */
		558158FA2C78DFB400536FD0 /* Debug */ = {
			isa = XCBuildConfiguration;
			buildSettings = {
				ALWAYS_SEARCH_USER_PATHS = NO;
				ASSETCATALOG_COMPILER_GENERATE_SWIFT_ASSET_SYMBOL_EXTENSIONS = YES;
				CLANG_ANALYZER_NONNULL = YES;
				CLANG_ANALYZER_NUMBER_OBJECT_CONVERSION = YES_AGGRESSIVE;
				CLANG_CXX_LANGUAGE_STANDARD = "gnu++20";
				CLANG_ENABLE_MODULES = YES;
				CLANG_ENABLE_OBJC_ARC = YES;
				CLANG_ENABLE_OBJC_WEAK = YES;
				CLANG_WARN_BLOCK_CAPTURE_AUTORELEASING = YES;
				CLANG_WARN_BOOL_CONVERSION = YES;
				CLANG_WARN_COMMA = YES;
				CLANG_WARN_CONSTANT_CONVERSION = YES;
				CLANG_WARN_DEPRECATED_OBJC_IMPLEMENTATIONS = YES;
				CLANG_WARN_DIRECT_OBJC_ISA_USAGE = YES_ERROR;
				CLANG_WARN_DOCUMENTATION_COMMENTS = YES;
				CLANG_WARN_EMPTY_BODY = YES;
				CLANG_WARN_ENUM_CONVERSION = YES;
				CLANG_WARN_INFINITE_RECURSION = YES;
				CLANG_WARN_INT_CONVERSION = YES;
				CLANG_WARN_NON_LITERAL_NULL_CONVERSION = YES;
				CLANG_WARN_OBJC_IMPLICIT_RETAIN_SELF = YES;
				CLANG_WARN_OBJC_LITERAL_CONVERSION = YES;
				CLANG_WARN_OBJC_ROOT_CLASS = YES_ERROR;
				CLANG_WARN_QUOTED_INCLUDE_IN_FRAMEWORK_HEADER = YES;
				CLANG_WARN_RANGE_LOOP_ANALYSIS = YES;
				CLANG_WARN_STRICT_PROTOTYPES = YES;
				CLANG_WARN_SUSPICIOUS_MOVE = YES;
				CLANG_WARN_UNGUARDED_AVAILABILITY = YES_AGGRESSIVE;
				CLANG_WARN_UNREACHABLE_CODE = YES;
				CLANG_WARN__DUPLICATE_METHOD_MATCH = YES;
				COPY_PHASE_STRIP = NO;
				DEBUG_INFORMATION_FORMAT = dwarf;
				ENABLE_STRICT_OBJC_MSGSEND = YES;
				ENABLE_TESTABILITY = YES;
				ENABLE_USER_SCRIPT_SANDBOXING = YES;
				GCC_C_LANGUAGE_STANDARD = gnu17;
				GCC_DYNAMIC_NO_PIC = NO;
				GCC_NO_COMMON_BLOCKS = YES;
				GCC_OPTIMIZATION_LEVEL = 0;
				GCC_PREPROCESSOR_DEFINITIONS = (
					"DEBUG=1",
					"$(inherited)",
				);
				GCC_WARN_64_TO_32_BIT_CONVERSION = YES;
				GCC_WARN_ABOUT_RETURN_TYPE = YES_ERROR;
				GCC_WARN_UNDECLARED_SELECTOR = YES;
				GCC_WARN_UNINITIALIZED_AUTOS = YES_AGGRESSIVE;
				GCC_WARN_UNUSED_FUNCTION = YES;
				GCC_WARN_UNUSED_VARIABLE = YES;
				IPHONEOS_DEPLOYMENT_TARGET = 17.5;
				LOCALIZATION_PREFERS_STRING_CATALOGS = YES;
				MTL_ENABLE_DEBUG_INFO = INCLUDE_SOURCE;
				MTL_FAST_MATH = YES;
				ONLY_ACTIVE_ARCH = YES;
				SDKROOT = iphoneos;
				SWIFT_ACTIVE_COMPILATION_CONDITIONS = "DEBUG $(inherited)";
				SWIFT_OPTIMIZATION_LEVEL = "-Onone";
			};
			name = Debug;
		};
		558158FB2C78DFB400536FD0 /* Release */ = {
			isa = XCBuildConfiguration;
			buildSettings = {
				ALWAYS_SEARCH_USER_PATHS = NO;
				ASSETCATALOG_COMPILER_GENERATE_SWIFT_ASSET_SYMBOL_EXTENSIONS = YES;
				CLANG_ANALYZER_NONNULL = YES;
				CLANG_ANALYZER_NUMBER_OBJECT_CONVERSION = YES_AGGRESSIVE;
				CLANG_CXX_LANGUAGE_STANDARD = "gnu++20";
				CLANG_ENABLE_MODULES = YES;
				CLANG_ENABLE_OBJC_ARC = YES;
				CLANG_ENABLE_OBJC_WEAK = YES;
				CLANG_WARN_BLOCK_CAPTURE_AUTORELEASING = YES;
				CLANG_WARN_BOOL_CONVERSION = YES;
				CLANG_WARN_COMMA = YES;
				CLANG_WARN_CONSTANT_CONVERSION = YES;
				CLANG_WARN_DEPRECATED_OBJC_IMPLEMENTATIONS = YES;
				CLANG_WARN_DIRECT_OBJC_ISA_USAGE = YES_ERROR;
				CLANG_WARN_DOCUMENTATION_COMMENTS = YES;
				CLANG_WARN_EMPTY_BODY = YES;
				CLANG_WARN_ENUM_CONVERSION = YES;
				CLANG_WARN_INFINITE_RECURSION = YES;
				CLANG_WARN_INT_CONVERSION = YES;
				CLANG_WARN_NON_LITERAL_NULL_CONVERSION = YES;
				CLANG_WARN_OBJC_IMPLICIT_RETAIN_SELF = YES;
				CLANG_WARN_OBJC_LITERAL_CONVERSION = YES;
				CLANG_WARN_OBJC_ROOT_CLASS = YES_ERROR;
				CLANG_WARN_QUOTED_INCLUDE_IN_FRAMEWORK_HEADER = YES;
				CLANG_WARN_RANGE_LOOP_ANALYSIS = YES;
				CLANG_WARN_STRICT_PROTOTYPES = YES;
				CLANG_WARN_SUSPICIOUS_MOVE = YES;
				CLANG_WARN_UNGUARDED_AVAILABILITY = YES_AGGRESSIVE;
				CLANG_WARN_UNREACHABLE_CODE = YES;
				CLANG_WARN__DUPLICATE_METHOD_MATCH = YES;
				COPY_PHASE_STRIP = NO;
				DEBUG_INFORMATION_FORMAT = "dwarf-with-dsym";
				ENABLE_NS_ASSERTIONS = NO;
				ENABLE_STRICT_OBJC_MSGSEND = YES;
				ENABLE_USER_SCRIPT_SANDBOXING = YES;
				GCC_C_LANGUAGE_STANDARD = gnu17;
				GCC_NO_COMMON_BLOCKS = YES;
				GCC_WARN_64_TO_32_BIT_CONVERSION = YES;
				GCC_WARN_ABOUT_RETURN_TYPE = YES_ERROR;
				GCC_WARN_UNDECLARED_SELECTOR = YES;
				GCC_WARN_UNINITIALIZED_AUTOS = YES_AGGRESSIVE;
				GCC_WARN_UNUSED_FUNCTION = YES;
				GCC_WARN_UNUSED_VARIABLE = YES;
				IPHONEOS_DEPLOYMENT_TARGET = 17.5;
				LOCALIZATION_PREFERS_STRING_CATALOGS = YES;
				MTL_ENABLE_DEBUG_INFO = NO;
				MTL_FAST_MATH = YES;
				SDKROOT = iphoneos;
				SWIFT_COMPILATION_MODE = wholemodule;
				VALIDATE_PRODUCT = YES;
			};
			name = Release;
		};
		558158FD2C78DFB400536FD0 /* Debug */ = {
			isa = XCBuildConfiguration;
			buildSettings = {
				ASSETCATALOG_COMPILER_APPICON_NAME = AppIcon;
				ASSETCATALOG_COMPILER_GLOBAL_ACCENT_COLOR_NAME = AccentColor;
				CODE_SIGN_STYLE = Automatic;
				CURRENT_PROJECT_VERSION = 1;
				DEVELOPMENT_TEAM = JRA8SJKSWZ;
				GENERATE_INFOPLIST_FILE = YES;
				INFOPLIST_FILE = "iOS App/Resources/Info.plist";
				INFOPLIST_KEY_UIApplicationSupportsIndirectInputEvents = YES;
				INFOPLIST_KEY_UILaunchStoryboardName = LaunchScreen;
				INFOPLIST_KEY_UISupportedInterfaceOrientations_iPad = "UIInterfaceOrientationPortrait UIInterfaceOrientationPortraitUpsideDown UIInterfaceOrientationLandscapeLeft UIInterfaceOrientationLandscapeRight";
				INFOPLIST_KEY_UISupportedInterfaceOrientations_iPhone = "UIInterfaceOrientationPortrait UIInterfaceOrientationLandscapeLeft UIInterfaceOrientationLandscapeRight";
				IPHONEOS_DEPLOYMENT_TARGET = 15.0;
				LD_RUNPATH_SEARCH_PATHS = (
					"$(inherited)",
					"@executable_path/Frameworks",
				);
				MARKETING_VERSION = 1.0;
				PRODUCT_BUNDLE_IDENTIFIER = "test.to-do-app";
				PRODUCT_NAME = "$(TARGET_NAME)";
				SUPPORTED_PLATFORMS = "iphoneos iphonesimulator";
				SUPPORTS_MACCATALYST = NO;
				SUPPORTS_MAC_DESIGNED_FOR_IPHONE_IPAD = NO;
				SUPPORTS_XR_DESIGNED_FOR_IPHONE_IPAD = NO;
				SWIFT_EMIT_LOC_STRINGS = YES;
				SWIFT_VERSION = 5.0;
				TARGETED_DEVICE_FAMILY = 1;
			};
			name = Debug;
		};
		558158FE2C78DFB400536FD0 /* Release */ = {
			isa = XCBuildConfiguration;
			buildSettings = {
				ASSETCATALOG_COMPILER_APPICON_NAME = AppIcon;
				ASSETCATALOG_COMPILER_GLOBAL_ACCENT_COLOR_NAME = AccentColor;
				CODE_SIGN_STYLE = Automatic;
				CURRENT_PROJECT_VERSION = 1;
				DEVELOPMENT_TEAM = JRA8SJKSWZ;
				GENERATE_INFOPLIST_FILE = YES;
				INFOPLIST_FILE = "iOS App/Resources/Info.plist";
				INFOPLIST_KEY_UIApplicationSupportsIndirectInputEvents = YES;
				INFOPLIST_KEY_UILaunchStoryboardName = LaunchScreen;
				INFOPLIST_KEY_UISupportedInterfaceOrientations_iPad = "UIInterfaceOrientationPortrait UIInterfaceOrientationPortraitUpsideDown UIInterfaceOrientationLandscapeLeft UIInterfaceOrientationLandscapeRight";
				INFOPLIST_KEY_UISupportedInterfaceOrientations_iPhone = "UIInterfaceOrientationPortrait UIInterfaceOrientationLandscapeLeft UIInterfaceOrientationLandscapeRight";
				IPHONEOS_DEPLOYMENT_TARGET = 15.0;
				LD_RUNPATH_SEARCH_PATHS = (
					"$(inherited)",
					"@executable_path/Frameworks",
				);
				MARKETING_VERSION = 1.0;
				PRODUCT_BUNDLE_IDENTIFIER = "test.to-do-app";
				PRODUCT_NAME = "$(TARGET_NAME)";
				SUPPORTED_PLATFORMS = "iphoneos iphonesimulator";
				SUPPORTS_MACCATALYST = NO;
				SUPPORTS_MAC_DESIGNED_FOR_IPHONE_IPAD = NO;
				SUPPORTS_XR_DESIGNED_FOR_IPHONE_IPAD = NO;
				SWIFT_EMIT_LOC_STRINGS = YES;
				SWIFT_VERSION = 5.0;
				TARGETED_DEVICE_FAMILY = 1;
			};
			name = Release;
		};
/* End XCBuildConfiguration section */

/* Begin XCConfigurationList section */
		558158E02C78DFB300536FD0 /* Build configuration list for PBXProject "ToDoApp" */ = {
			isa = XCConfigurationList;
			buildConfigurations = (
				558158FA2C78DFB400536FD0 /* Debug */,
				558158FB2C78DFB400536FD0 /* Release */,
			);
			defaultConfigurationIsVisible = 0;
			defaultConfigurationName = Release;
		};
		558158FC2C78DFB400536FD0 /* Build configuration list for PBXNativeTarget "ToDoApp" */ = {
			isa = XCConfigurationList;
			buildConfigurations = (
				558158FD2C78DFB400536FD0 /* Debug */,
				558158FE2C78DFB400536FD0 /* Release */,
			);
			defaultConfigurationIsVisible = 0;
			defaultConfigurationName = Release;
		};
/* End XCConfigurationList section */

/* Begin XCVersionGroup section */
		558158F12C78DFB300536FD0 /* ToDoCoreData.xcdatamodeld */ = {
			isa = XCVersionGroup;
			children = (
				558158F22C78DFB300536FD0 /* To_Do_App_VIPER.xcdatamodel */,
			);
			currentVersion = 558158F22C78DFB300536FD0 /* To_Do_App_VIPER.xcdatamodel */;
			path = ToDoCoreData.xcdatamodeld;
			sourceTree = "<group>";
			versionGroupType = wrapper.xcdatamodel;
		};
/* End XCVersionGroup section */
	};
	rootObject = 558158DD2C78DFB300536FD0 /* Project object */;
}
